
Microsoft Visual Studio Solution File, Format Version 12.00
# Visual Studio 15
VisualStudioVersion = 15.0.27703.2042
MinimumVisualStudioVersion = 10.0.40219.1
Project("{FAE04EC0-301F-11D3-BF4B-00C04F79EFBC}") = "ThreadClass", "70-483Prep\ThreadClass.csproj", "{ABD6EC56-770A-4EE9-B57F-2419E3642188}"
EndProject
Project("{FAE04EC0-301F-11D3-BF4B-00C04F79EFBC}") = "Tasks", "Tasks\Tasks.csproj", "{ECAEBBF8-6916-4E9F-B1A8-DFDECC52F93D}"
EndProject
Project("{FAE04EC0-301F-11D3-BF4B-00C04F79EFBC}") = "ParallelClass", "ParallelClass\ParallelClass.csproj", "{C287BB4F-22BB-4CF5-8996-4F213A4D7816}"
EndProject
Project("{FAE04EC0-301F-11D3-BF4B-00C04F79EFBC}") = "PLinq", "PLinq\PLinq.csproj", "{209C2338-141A-4078-8921-A79826E034BE}"
EndProject
Project("{FAE04EC0-301F-11D3-BF4B-00C04F79EFBC}") = "ConcurrentCollections", "ConcurrentCollections\ConcurrentCollections.csproj", "{7328F088-C79B-46FD-B115-21AF238EC0F5}"
EndProject
Project("{2150E333-8FDC-42A3-9474-1A3956D46DE8}") = "1.1", "1.1", "{4C0412F1-D670-49CF-A91D-DB9ABAEBFFBA}"
EndProject
Project("{2150E333-8FDC-42A3-9474-1A3956D46DE8}") = "1.2", "1.2", "{D82F1586-AC12-46DC-BFC8-7BDA6AF88D93}"
EndProject
Project("{FAE04EC0-301F-11D3-BF4B-00C04F79EFBC}") = "SynchronizingResources", "SynchronizingResources\SynchronizingResources.csproj", "{BAC7B9FD-512C-431E-8E8A-5E2AF8E7A525}"
EndProject
Project("{FAE04EC0-301F-11D3-BF4B-00C04F79EFBC}") = "CancelingTasks", "CancelingTasks\CancelingTasks.csproj", "{952A2F80-4E49-438F-A7FC-16C6796AD834}"
EndProject
Project("{2150E333-8FDC-42A3-9474-1A3956D46DE8}") = "1.5", "1.5", "{5D201F9D-0B01-49F4-9B8B-DBD92FED21CA}"
EndProject
Project("{FAE04EC0-301F-11D3-BF4B-00C04F79EFBC}") = "HandlingExceptions", "HandlingExceptions\HandlingExceptions.csproj", "{66FA0C88-7E9F-4725-B51A-4685BAB9FF26}"
EndProject
Project("{FAE04EC0-301F-11D3-BF4B-00C04F79EFBC}") = "CustomExceptions", "CustomExceptions\CustomExceptions.csproj", "{2AC248B6-5484-4FAF-9BC2-30068B3C4540}"
EndProject
Project("{2150E333-8FDC-42A3-9474-1A3956D46DE8}") = "Chapter1", "Chapter1", "{8D97D455-EAF5-4ED3-B1F5-E5B33F6CA3DD}"
EndProject
Project("{2150E333-8FDC-42A3-9474-1A3956D46DE8}") = "1.4", "1.4", "{86979E7E-0EDB-4806-A7DD-380DA52BC425}"
EndProject
Project("{FAE04EC0-301F-11D3-BF4B-00C04F79EFBC}") = "Events", "Events\Events.csproj", "{FF14BE31-48C9-40D2-94E6-13EFD3F4648F}"
EndProject
Project("{FAE04EC0-301F-11D3-BF4B-00C04F79EFBC}") = "Delegates", "Delegates\Delegates.csproj", "{CADBC45C-B1C2-444D-84DF-A7F94D1C37D9}"
EndProject
Project("{FAE04EC0-301F-11D3-BF4B-00C04F79EFBC}") = "LambdaExpressions", "LambdaExpressions\LambdaExpressions.csproj", "{F6E4E8D6-BCEB-4C3D-B9CB-C0ACB3CEBA94}"
EndProject
Project("{2150E333-8FDC-42A3-9474-1A3956D46DE8}") = "Chapter2", "Chapter2", "{3C628A8F-4A05-4169-800D-3CABDE334740}"
EndProject
Project("{2150E333-8FDC-42A3-9474-1A3956D46DE8}") = "2.1", "2.1", "{598F4CD1-CF3E-4571-A1FF-FA94CBB73F9A}"
EndProject
Project("{FAE04EC0-301F-11D3-BF4B-00C04F79EFBC}") = "CreateTypes", "CreateTypes\CreateTypes.csproj", "{A551FCF8-25B7-440A-809A-3B3B282D2012}"
EndProject
Project("{FAE04EC0-301F-11D3-BF4B-00C04F79EFBC}") = "GenericTypes", "GenericTypes\GenericTypes.csproj", "{4B7D3451-380C-4ABF-B55B-345F3F65A2F3}"
EndProject
Project("{FAE04EC0-301F-11D3-BF4B-00C04F79EFBC}") = "ExtendingTypes", "ExtendingTypes\ExtendingTypes.csproj", "{165FD0D2-7B6A-4C3C-BDB1-9289BF0D737C}"
EndProject
Project("{2150E333-8FDC-42A3-9474-1A3956D46DE8}") = "2.2", "2.2", "{EFDCE950-AD98-43F9-8996-D72BCE97975A}"
EndProject
Project("{FAE04EC0-301F-11D3-BF4B-00C04F79EFBC}") = "BoxingUnboxing", "BoxingUnboxing\BoxingUnboxing.csproj", "{7D623F09-C599-4935-87DB-BAD9D5FAAC0D}"
EndProject
Project("{FAE04EC0-301F-11D3-BF4B-00C04F79EFBC}") = "TypeConversion", "TypeConversion\TypeConversion.csproj", "{EC13AF21-D2E4-4804-8E4C-A801B1455E33}"
EndProject
Project("{FAE04EC0-301F-11D3-BF4B-00C04F79EFBC}") = "AccessModifiers", "AccessModifiers\AccessModifiers.csproj", "{D49A7091-66E1-4365-8054-3AB01EB095FA}"
EndProject
Project("{2150E333-8FDC-42A3-9474-1A3956D46DE8}") = "2.3", "2.3", "{DF6EB1F3-A01C-4576-8205-0448009C524F}"
EndProject
Project("{FAE04EC0-301F-11D3-BF4B-00C04F79EFBC}") = "Properties", "Properties\Properties.csproj", "{1562AFFF-C80A-4246-9246-827142CF9B90}"
EndProject
Project("{FAE04EC0-301F-11D3-BF4B-00C04F79EFBC}") = "ExplicitInterfaceImplementation", "ExplicitInterfaceImplementation\ExplicitInterfaceImplementation.csproj", "{B37FE0C8-48C2-4B61-B0E1-31DB39ECC583}"
EndProject
Project("{2150E333-8FDC-42A3-9474-1A3956D46DE8}") = "2.4", "2.4", "{04543474-F697-4B28-9C52-50BCF68CC918}"
EndProject
Project("{FAE04EC0-301F-11D3-BF4B-00C04F79EFBC}") = "Interfaces", "Interfaces\Interfaces.csproj", "{0BBFF813-3E85-4E06-BF03-73F0DEECE02D}"
EndProject
Project("{2150E333-8FDC-42A3-9474-1A3956D46DE8}") = "2.5", "2.5", "{C816C4FD-0D72-491F-87A7-1900A6E1247A}"
EndProject
Project("{FAE04EC0-301F-11D3-BF4B-00C04F79EFBC}") = "Attributes", "Attributes\Attributes.csproj", "{D9ED1413-B5F8-4646-BE5F-A8291816BBF2}"
EndProject
Project("{FAE04EC0-301F-11D3-BF4B-00C04F79EFBC}") = "MyClassLibrary", "MyClassLibrary\MyClassLibrary.csproj", "{F30478B9-66E0-4563-A203-33C5E808FCF1}"
EndProject
Project("{FAE04EC0-301F-11D3-BF4B-00C04F79EFBC}") = "CustomAttributes", "CustomAttributes\CustomAttributes.csproj", "{EA9B7D1E-7310-4D3D-9082-B0BBC2546D4E}"
EndProject
Project("{FAE04EC0-301F-11D3-BF4B-00C04F79EFBC}") = "Reflection", "Reflection\Reflection.csproj", "{E15474A3-C95C-4E5F-9592-00691C25F07A}"
EndProject
Project("{2150E333-8FDC-42A3-9474-1A3956D46DE8}") = "2.6", "2.6", "{4FE0F3DE-447E-4178-AEDE-3302D995FF74}"
EndProject
Project("{FAE04EC0-301F-11D3-BF4B-00C04F79EFBC}") = "ObjectLifeCycle", "ObjectLifeCycle\ObjectLifeCycle.csproj", "{F8EB8530-32A1-46EC-85A2-549E4F21FFFB}"
EndProject
Project("{2150E333-8FDC-42A3-9474-1A3956D46DE8}") = "2.7", "2.7", "{E7C3023C-58A0-4164-A011-D9EB8638A93B}"
EndProject
Project("{FAE04EC0-301F-11D3-BF4B-00C04F79EFBC}") = "ManipulatingStrings", "ManipulatingStrings\ManipulatingStrings.csproj", "{78A45105-20F6-4B4C-918C-9C4DB16EDEF2}"
EndProject
Project("{2150E333-8FDC-42A3-9474-1A3956D46DE8}") = "Chapter3", "Chapter3", "{4B1F7A12-5841-4EF8-80FB-BFD167F7AC7E}"
EndProject
Project("{FAE04EC0-301F-11D3-BF4B-00C04F79EFBC}") = "Encryption", "Encryption\Encryption.csproj", "{A5EF6323-DE49-4DED-A69B-2E36F2517227}"
EndProject
Project("{2150E333-8FDC-42A3-9474-1A3956D46DE8}") = "3.2", "3.2", "{717CC0BB-5878-4CC7-BEBF-B97A51F66C02}"
EndProject
Project("{FAE04EC0-301F-11D3-BF4B-00C04F79EFBC}") = "Hashing", "Hashing\Hashing.csproj", "{17DC09DD-2A75-4D10-B364-3AE86FA37426}"
EndProject
Project("{2150E333-8FDC-42A3-9474-1A3956D46DE8}") = "3.5", "3.5", "{87880D47-AFDC-4A9E-8015-13FC18D2A4EA}"
EndProject
Project("{FAE04EC0-301F-11D3-BF4B-00C04F79EFBC}") = "LoggingAndTracing", "LoggingAndTracing\LoggingAndTracing.csproj", "{C9C2E9A7-686A-4482-A721-05313A17D85E}"
EndProject
Project("{FAE04EC0-301F-11D3-BF4B-00C04F79EFBC}") = "Profiling", "Profiling\Profiling.csproj", "{8B7271CD-2A25-442A-BC2D-8F5B1E645755}"
EndProject
Project("{FAE04EC0-301F-11D3-BF4B-00C04F79EFBC}") = "PerformanceCounter", "PerformanceCounter\PerformanceCounter.csproj", "{FA741118-EE08-456B-8344-401338C93E4B}"
EndProject
Project("{FAE04EC0-301F-11D3-BF4B-00C04F79EFBC}") = "PerfCounterCollection", "PerfCounterCollection\PerfCounterCollection.csproj", "{D10428C0-40D4-43CF-8D5F-3D27DE03C3F2}"
EndProject
Project("{2150E333-8FDC-42A3-9474-1A3956D46DE8}") = "Chapter4", "Chapter4", "{449E280F-6C26-4253-9D7E-12C2DC5C5DA4}"
EndProject
Project("{2150E333-8FDC-42A3-9474-1A3956D46DE8}") = "4.1", "4.1", "{CD837116-2F73-4BEC-9086-E7F35FE57DC5}"
EndProject
Project("{FAE04EC0-301F-11D3-BF4B-00C04F79EFBC}") = "Files", "Files\Files.csproj", "{88B4B9A2-BF8C-4C04-A83A-453503A79C18}"
EndProject
Project("{FAE04EC0-301F-11D3-BF4B-00C04F79EFBC}") = "Streams", "Streams\Streams.csproj", "{14651C2E-F90F-4CC2-ACE5-4C00A94EC564}"
EndProject
Project("{FAE04EC0-301F-11D3-BF4B-00C04F79EFBC}") = "WebRequest", "WebRequest\WebRequest.csproj", "{FE1A15F4-D97B-477C-A320-B69894B71166}"
EndProject
Project("{FAE04EC0-301F-11D3-BF4B-00C04F79EFBC}") = "AsyncFiles", "AsyncFiles\AsyncFiles.csproj", "{2F5FE5D0-5FCA-431F-BD0D-9920227E6680}"
EndProject
Project("{2150E333-8FDC-42A3-9474-1A3956D46DE8}") = "4.2", "4.2", "{E89C4A05-8E3A-4C56-BE2E-55C475E60EC5}"
EndProject
Global
	GlobalSection(Performance) = preSolution
		HasPerformanceSessions = true
	EndGlobalSection
	GlobalSection(SolutionConfigurationPlatforms) = preSolution
		Debug|Any CPU = Debug|Any CPU
		Release|Any CPU = Release|Any CPU
	EndGlobalSection
	GlobalSection(ProjectConfigurationPlatforms) = postSolution
		{ABD6EC56-770A-4EE9-B57F-2419E3642188}.Debug|Any CPU.ActiveCfg = Debug|Any CPU
		{ABD6EC56-770A-4EE9-B57F-2419E3642188}.Debug|Any CPU.Build.0 = Debug|Any CPU
		{ABD6EC56-770A-4EE9-B57F-2419E3642188}.Release|Any CPU.ActiveCfg = Release|Any CPU
		{ABD6EC56-770A-4EE9-B57F-2419E3642188}.Release|Any CPU.Build.0 = Release|Any CPU
		{ECAEBBF8-6916-4E9F-B1A8-DFDECC52F93D}.Debug|Any CPU.ActiveCfg = Debug|Any CPU
		{ECAEBBF8-6916-4E9F-B1A8-DFDECC52F93D}.Debug|Any CPU.Build.0 = Debug|Any CPU
		{ECAEBBF8-6916-4E9F-B1A8-DFDECC52F93D}.Release|Any CPU.ActiveCfg = Release|Any CPU
		{ECAEBBF8-6916-4E9F-B1A8-DFDECC52F93D}.Release|Any CPU.Build.0 = Release|Any CPU
		{C287BB4F-22BB-4CF5-8996-4F213A4D7816}.Debug|Any CPU.ActiveCfg = Debug|Any CPU
		{C287BB4F-22BB-4CF5-8996-4F213A4D7816}.Debug|Any CPU.Build.0 = Debug|Any CPU
		{C287BB4F-22BB-4CF5-8996-4F213A4D7816}.Release|Any CPU.ActiveCfg = Release|Any CPU
		{C287BB4F-22BB-4CF5-8996-4F213A4D7816}.Release|Any CPU.Build.0 = Release|Any CPU
		{209C2338-141A-4078-8921-A79826E034BE}.Debug|Any CPU.ActiveCfg = Debug|Any CPU
		{209C2338-141A-4078-8921-A79826E034BE}.Debug|Any CPU.Build.0 = Debug|Any CPU
		{209C2338-141A-4078-8921-A79826E034BE}.Release|Any CPU.ActiveCfg = Release|Any CPU
		{209C2338-141A-4078-8921-A79826E034BE}.Release|Any CPU.Build.0 = Release|Any CPU
		{7328F088-C79B-46FD-B115-21AF238EC0F5}.Debug|Any CPU.ActiveCfg = Debug|Any CPU
		{7328F088-C79B-46FD-B115-21AF238EC0F5}.Debug|Any CPU.Build.0 = Debug|Any CPU
		{7328F088-C79B-46FD-B115-21AF238EC0F5}.Release|Any CPU.ActiveCfg = Release|Any CPU
		{7328F088-C79B-46FD-B115-21AF238EC0F5}.Release|Any CPU.Build.0 = Release|Any CPU
		{BAC7B9FD-512C-431E-8E8A-5E2AF8E7A525}.Debug|Any CPU.ActiveCfg = Debug|Any CPU
		{BAC7B9FD-512C-431E-8E8A-5E2AF8E7A525}.Debug|Any CPU.Build.0 = Debug|Any CPU
		{BAC7B9FD-512C-431E-8E8A-5E2AF8E7A525}.Release|Any CPU.ActiveCfg = Release|Any CPU
		{BAC7B9FD-512C-431E-8E8A-5E2AF8E7A525}.Release|Any CPU.Build.0 = Release|Any CPU
		{952A2F80-4E49-438F-A7FC-16C6796AD834}.Debug|Any CPU.ActiveCfg = Debug|Any CPU
		{952A2F80-4E49-438F-A7FC-16C6796AD834}.Debug|Any CPU.Build.0 = Debug|Any CPU
		{952A2F80-4E49-438F-A7FC-16C6796AD834}.Release|Any CPU.ActiveCfg = Release|Any CPU
		{952A2F80-4E49-438F-A7FC-16C6796AD834}.Release|Any CPU.Build.0 = Release|Any CPU
		{66FA0C88-7E9F-4725-B51A-4685BAB9FF26}.Debug|Any CPU.ActiveCfg = Debug|Any CPU
		{66FA0C88-7E9F-4725-B51A-4685BAB9FF26}.Debug|Any CPU.Build.0 = Debug|Any CPU
		{66FA0C88-7E9F-4725-B51A-4685BAB9FF26}.Release|Any CPU.ActiveCfg = Release|Any CPU
		{66FA0C88-7E9F-4725-B51A-4685BAB9FF26}.Release|Any CPU.Build.0 = Release|Any CPU
		{2AC248B6-5484-4FAF-9BC2-30068B3C4540}.Debug|Any CPU.ActiveCfg = Debug|Any CPU
		{2AC248B6-5484-4FAF-9BC2-30068B3C4540}.Debug|Any CPU.Build.0 = Debug|Any CPU
		{2AC248B6-5484-4FAF-9BC2-30068B3C4540}.Release|Any CPU.ActiveCfg = Release|Any CPU
		{2AC248B6-5484-4FAF-9BC2-30068B3C4540}.Release|Any CPU.Build.0 = Release|Any CPU
		{FF14BE31-48C9-40D2-94E6-13EFD3F4648F}.Debug|Any CPU.ActiveCfg = Debug|Any CPU
		{FF14BE31-48C9-40D2-94E6-13EFD3F4648F}.Debug|Any CPU.Build.0 = Debug|Any CPU
		{FF14BE31-48C9-40D2-94E6-13EFD3F4648F}.Release|Any CPU.ActiveCfg = Release|Any CPU
		{FF14BE31-48C9-40D2-94E6-13EFD3F4648F}.Release|Any CPU.Build.0 = Release|Any CPU
		{CADBC45C-B1C2-444D-84DF-A7F94D1C37D9}.Debug|Any CPU.ActiveCfg = Debug|Any CPU
		{CADBC45C-B1C2-444D-84DF-A7F94D1C37D9}.Debug|Any CPU.Build.0 = Debug|Any CPU
		{CADBC45C-B1C2-444D-84DF-A7F94D1C37D9}.Release|Any CPU.ActiveCfg = Release|Any CPU
		{CADBC45C-B1C2-444D-84DF-A7F94D1C37D9}.Release|Any CPU.Build.0 = Release|Any CPU
		{F6E4E8D6-BCEB-4C3D-B9CB-C0ACB3CEBA94}.Debug|Any CPU.ActiveCfg = Debug|Any CPU
		{F6E4E8D6-BCEB-4C3D-B9CB-C0ACB3CEBA94}.Debug|Any CPU.Build.0 = Debug|Any CPU
		{F6E4E8D6-BCEB-4C3D-B9CB-C0ACB3CEBA94}.Release|Any CPU.ActiveCfg = Release|Any CPU
		{F6E4E8D6-BCEB-4C3D-B9CB-C0ACB3CEBA94}.Release|Any CPU.Build.0 = Release|Any CPU
		{A551FCF8-25B7-440A-809A-3B3B282D2012}.Debug|Any CPU.ActiveCfg = Debug|Any CPU
		{A551FCF8-25B7-440A-809A-3B3B282D2012}.Debug|Any CPU.Build.0 = Debug|Any CPU
		{A551FCF8-25B7-440A-809A-3B3B282D2012}.Release|Any CPU.ActiveCfg = Release|Any CPU
		{A551FCF8-25B7-440A-809A-3B3B282D2012}.Release|Any CPU.Build.0 = Release|Any CPU
		{4B7D3451-380C-4ABF-B55B-345F3F65A2F3}.Debug|Any CPU.ActiveCfg = Debug|Any CPU
		{4B7D3451-380C-4ABF-B55B-345F3F65A2F3}.Debug|Any CPU.Build.0 = Debug|Any CPU
		{4B7D3451-380C-4ABF-B55B-345F3F65A2F3}.Release|Any CPU.ActiveCfg = Release|Any CPU
		{4B7D3451-380C-4ABF-B55B-345F3F65A2F3}.Release|Any CPU.Build.0 = Release|Any CPU
		{165FD0D2-7B6A-4C3C-BDB1-9289BF0D737C}.Debug|Any CPU.ActiveCfg = Debug|Any CPU
		{165FD0D2-7B6A-4C3C-BDB1-9289BF0D737C}.Debug|Any CPU.Build.0 = Debug|Any CPU
		{165FD0D2-7B6A-4C3C-BDB1-9289BF0D737C}.Release|Any CPU.ActiveCfg = Release|Any CPU
		{165FD0D2-7B6A-4C3C-BDB1-9289BF0D737C}.Release|Any CPU.Build.0 = Release|Any CPU
		{7D623F09-C599-4935-87DB-BAD9D5FAAC0D}.Debug|Any CPU.ActiveCfg = Debug|Any CPU
		{7D623F09-C599-4935-87DB-BAD9D5FAAC0D}.Debug|Any CPU.Build.0 = Debug|Any CPU
		{7D623F09-C599-4935-87DB-BAD9D5FAAC0D}.Release|Any CPU.ActiveCfg = Release|Any CPU
		{7D623F09-C599-4935-87DB-BAD9D5FAAC0D}.Release|Any CPU.Build.0 = Release|Any CPU
		{EC13AF21-D2E4-4804-8E4C-A801B1455E33}.Debug|Any CPU.ActiveCfg = Debug|Any CPU
		{EC13AF21-D2E4-4804-8E4C-A801B1455E33}.Debug|Any CPU.Build.0 = Debug|Any CPU
		{EC13AF21-D2E4-4804-8E4C-A801B1455E33}.Release|Any CPU.ActiveCfg = Release|Any CPU
		{EC13AF21-D2E4-4804-8E4C-A801B1455E33}.Release|Any CPU.Build.0 = Release|Any CPU
		{D49A7091-66E1-4365-8054-3AB01EB095FA}.Debug|Any CPU.ActiveCfg = Debug|Any CPU
		{D49A7091-66E1-4365-8054-3AB01EB095FA}.Debug|Any CPU.Build.0 = Debug|Any CPU
		{D49A7091-66E1-4365-8054-3AB01EB095FA}.Release|Any CPU.ActiveCfg = Release|Any CPU
		{D49A7091-66E1-4365-8054-3AB01EB095FA}.Release|Any CPU.Build.0 = Release|Any CPU
		{1562AFFF-C80A-4246-9246-827142CF9B90}.Debug|Any CPU.ActiveCfg = Debug|Any CPU
		{1562AFFF-C80A-4246-9246-827142CF9B90}.Debug|Any CPU.Build.0 = Debug|Any CPU
		{1562AFFF-C80A-4246-9246-827142CF9B90}.Release|Any CPU.ActiveCfg = Release|Any CPU
		{1562AFFF-C80A-4246-9246-827142CF9B90}.Release|Any CPU.Build.0 = Release|Any CPU
		{B37FE0C8-48C2-4B61-B0E1-31DB39ECC583}.Debug|Any CPU.ActiveCfg = Debug|Any CPU
		{B37FE0C8-48C2-4B61-B0E1-31DB39ECC583}.Debug|Any CPU.Build.0 = Debug|Any CPU
		{B37FE0C8-48C2-4B61-B0E1-31DB39ECC583}.Release|Any CPU.ActiveCfg = Release|Any CPU
		{B37FE0C8-48C2-4B61-B0E1-31DB39ECC583}.Release|Any CPU.Build.0 = Release|Any CPU
		{0BBFF813-3E85-4E06-BF03-73F0DEECE02D}.Debug|Any CPU.ActiveCfg = Debug|Any CPU
		{0BBFF813-3E85-4E06-BF03-73F0DEECE02D}.Debug|Any CPU.Build.0 = Debug|Any CPU
		{0BBFF813-3E85-4E06-BF03-73F0DEECE02D}.Release|Any CPU.ActiveCfg = Release|Any CPU
		{0BBFF813-3E85-4E06-BF03-73F0DEECE02D}.Release|Any CPU.Build.0 = Release|Any CPU
		{D9ED1413-B5F8-4646-BE5F-A8291816BBF2}.Debug|Any CPU.ActiveCfg = Debug|Any CPU
		{D9ED1413-B5F8-4646-BE5F-A8291816BBF2}.Debug|Any CPU.Build.0 = Debug|Any CPU
		{D9ED1413-B5F8-4646-BE5F-A8291816BBF2}.Release|Any CPU.ActiveCfg = Release|Any CPU
		{D9ED1413-B5F8-4646-BE5F-A8291816BBF2}.Release|Any CPU.Build.0 = Release|Any CPU
		{F30478B9-66E0-4563-A203-33C5E808FCF1}.Debug|Any CPU.ActiveCfg = Debug|Any CPU
		{F30478B9-66E0-4563-A203-33C5E808FCF1}.Debug|Any CPU.Build.0 = Debug|Any CPU
		{F30478B9-66E0-4563-A203-33C5E808FCF1}.Release|Any CPU.ActiveCfg = Release|Any CPU
		{F30478B9-66E0-4563-A203-33C5E808FCF1}.Release|Any CPU.Build.0 = Release|Any CPU
		{EA9B7D1E-7310-4D3D-9082-B0BBC2546D4E}.Debug|Any CPU.ActiveCfg = Debug|Any CPU
		{EA9B7D1E-7310-4D3D-9082-B0BBC2546D4E}.Debug|Any CPU.Build.0 = Debug|Any CPU
		{EA9B7D1E-7310-4D3D-9082-B0BBC2546D4E}.Release|Any CPU.ActiveCfg = Release|Any CPU
		{EA9B7D1E-7310-4D3D-9082-B0BBC2546D4E}.Release|Any CPU.Build.0 = Release|Any CPU
		{E15474A3-C95C-4E5F-9592-00691C25F07A}.Debug|Any CPU.ActiveCfg = Debug|Any CPU
		{E15474A3-C95C-4E5F-9592-00691C25F07A}.Debug|Any CPU.Build.0 = Debug|Any CPU
		{E15474A3-C95C-4E5F-9592-00691C25F07A}.Release|Any CPU.ActiveCfg = Release|Any CPU
		{E15474A3-C95C-4E5F-9592-00691C25F07A}.Release|Any CPU.Build.0 = Release|Any CPU
		{F8EB8530-32A1-46EC-85A2-549E4F21FFFB}.Debug|Any CPU.ActiveCfg = Debug|Any CPU
		{F8EB8530-32A1-46EC-85A2-549E4F21FFFB}.Debug|Any CPU.Build.0 = Debug|Any CPU
		{F8EB8530-32A1-46EC-85A2-549E4F21FFFB}.Release|Any CPU.ActiveCfg = Release|Any CPU
		{F8EB8530-32A1-46EC-85A2-549E4F21FFFB}.Release|Any CPU.Build.0 = Release|Any CPU
		{78A45105-20F6-4B4C-918C-9C4DB16EDEF2}.Debug|Any CPU.ActiveCfg = Debug|Any CPU
		{78A45105-20F6-4B4C-918C-9C4DB16EDEF2}.Debug|Any CPU.Build.0 = Debug|Any CPU
		{78A45105-20F6-4B4C-918C-9C4DB16EDEF2}.Release|Any CPU.ActiveCfg = Release|Any CPU
		{78A45105-20F6-4B4C-918C-9C4DB16EDEF2}.Release|Any CPU.Build.0 = Release|Any CPU
		{A5EF6323-DE49-4DED-A69B-2E36F2517227}.Debug|Any CPU.ActiveCfg = Debug|Any CPU
		{A5EF6323-DE49-4DED-A69B-2E36F2517227}.Debug|Any CPU.Build.0 = Debug|Any CPU
		{A5EF6323-DE49-4DED-A69B-2E36F2517227}.Release|Any CPU.ActiveCfg = Release|Any CPU
		{A5EF6323-DE49-4DED-A69B-2E36F2517227}.Release|Any CPU.Build.0 = Release|Any CPU
		{17DC09DD-2A75-4D10-B364-3AE86FA37426}.Debug|Any CPU.ActiveCfg = Debug|Any CPU
		{17DC09DD-2A75-4D10-B364-3AE86FA37426}.Debug|Any CPU.Build.0 = Debug|Any CPU
		{17DC09DD-2A75-4D10-B364-3AE86FA37426}.Release|Any CPU.ActiveCfg = Release|Any CPU
		{17DC09DD-2A75-4D10-B364-3AE86FA37426}.Release|Any CPU.Build.0 = Release|Any CPU
		{C9C2E9A7-686A-4482-A721-05313A17D85E}.Debug|Any CPU.ActiveCfg = Debug|Any CPU
		{C9C2E9A7-686A-4482-A721-05313A17D85E}.Debug|Any CPU.Build.0 = Debug|Any CPU
		{C9C2E9A7-686A-4482-A721-05313A17D85E}.Release|Any CPU.ActiveCfg = Release|Any CPU
		{C9C2E9A7-686A-4482-A721-05313A17D85E}.Release|Any CPU.Build.0 = Release|Any CPU
		{8B7271CD-2A25-442A-BC2D-8F5B1E645755}.Debug|Any CPU.ActiveCfg = Debug|Any CPU
		{8B7271CD-2A25-442A-BC2D-8F5B1E645755}.Debug|Any CPU.Build.0 = Debug|Any CPU
		{8B7271CD-2A25-442A-BC2D-8F5B1E645755}.Release|Any CPU.ActiveCfg = Release|Any CPU
		{8B7271CD-2A25-442A-BC2D-8F5B1E645755}.Release|Any CPU.Build.0 = Release|Any CPU
		{FA741118-EE08-456B-8344-401338C93E4B}.Debug|Any CPU.ActiveCfg = Debug|Any CPU
		{FA741118-EE08-456B-8344-401338C93E4B}.Debug|Any CPU.Build.0 = Debug|Any CPU
		{FA741118-EE08-456B-8344-401338C93E4B}.Release|Any CPU.ActiveCfg = Release|Any CPU
		{FA741118-EE08-456B-8344-401338C93E4B}.Release|Any CPU.Build.0 = Release|Any CPU
		{D10428C0-40D4-43CF-8D5F-3D27DE03C3F2}.Debug|Any CPU.ActiveCfg = Debug|Any CPU
		{D10428C0-40D4-43CF-8D5F-3D27DE03C3F2}.Debug|Any CPU.Build.0 = Debug|Any CPU
		{D10428C0-40D4-43CF-8D5F-3D27DE03C3F2}.Release|Any CPU.ActiveCfg = Release|Any CPU
		{D10428C0-40D4-43CF-8D5F-3D27DE03C3F2}.Release|Any CPU.Build.0 = Release|Any CPU
		{88B4B9A2-BF8C-4C04-A83A-453503A79C18}.Debug|Any CPU.ActiveCfg = Debug|Any CPU
		{88B4B9A2-BF8C-4C04-A83A-453503A79C18}.Debug|Any CPU.Build.0 = Debug|Any CPU
		{88B4B9A2-BF8C-4C04-A83A-453503A79C18}.Release|Any CPU.ActiveCfg = Release|Any CPU
		{88B4B9A2-BF8C-4C04-A83A-453503A79C18}.Release|Any CPU.Build.0 = Release|Any CPU
		{14651C2E-F90F-4CC2-ACE5-4C00A94EC564}.Debug|Any CPU.ActiveCfg = Debug|Any CPU
		{14651C2E-F90F-4CC2-ACE5-4C00A94EC564}.Debug|Any CPU.Build.0 = Debug|Any CPU
		{14651C2E-F90F-4CC2-ACE5-4C00A94EC564}.Release|Any CPU.ActiveCfg = Release|Any CPU
		{14651C2E-F90F-4CC2-ACE5-4C00A94EC564}.Release|Any CPU.Build.0 = Release|Any CPU
		{FE1A15F4-D97B-477C-A320-B69894B71166}.Debug|Any CPU.ActiveCfg = Debug|Any CPU
		{FE1A15F4-D97B-477C-A320-B69894B71166}.Debug|Any CPU.Build.0 = Debug|Any CPU
		{FE1A15F4-D97B-477C-A320-B69894B71166}.Release|Any CPU.ActiveCfg = Release|Any CPU
		{FE1A15F4-D97B-477C-A320-B69894B71166}.Release|Any CPU.Build.0 = Release|Any CPU
		{2F5FE5D0-5FCA-431F-BD0D-9920227E6680}.Debug|Any CPU.ActiveCfg = Debug|Any CPU
		{2F5FE5D0-5FCA-431F-BD0D-9920227E6680}.Debug|Any CPU.Build.0 = Debug|Any CPU
		{2F5FE5D0-5FCA-431F-BD0D-9920227E6680}.Release|Any CPU.ActiveCfg = Release|Any CPU
		{2F5FE5D0-5FCA-431F-BD0D-9920227E6680}.Release|Any CPU.Build.0 = Release|Any CPU
	EndGlobalSection
	GlobalSection(SolutionProperties) = preSolution
		HideSolutionNode = FALSE
	EndGlobalSection
	GlobalSection(NestedProjects) = preSolution
		{ABD6EC56-770A-4EE9-B57F-2419E3642188} = {4C0412F1-D670-49CF-A91D-DB9ABAEBFFBA}
		{ECAEBBF8-6916-4E9F-B1A8-DFDECC52F93D} = {4C0412F1-D670-49CF-A91D-DB9ABAEBFFBA}
		{C287BB4F-22BB-4CF5-8996-4F213A4D7816} = {4C0412F1-D670-49CF-A91D-DB9ABAEBFFBA}
		{209C2338-141A-4078-8921-A79826E034BE} = {4C0412F1-D670-49CF-A91D-DB9ABAEBFFBA}
		{7328F088-C79B-46FD-B115-21AF238EC0F5} = {4C0412F1-D670-49CF-A91D-DB9ABAEBFFBA}
		{4C0412F1-D670-49CF-A91D-DB9ABAEBFFBA} = {8D97D455-EAF5-4ED3-B1F5-E5B33F6CA3DD}
		{D82F1586-AC12-46DC-BFC8-7BDA6AF88D93} = {8D97D455-EAF5-4ED3-B1F5-E5B33F6CA3DD}
		{BAC7B9FD-512C-431E-8E8A-5E2AF8E7A525} = {D82F1586-AC12-46DC-BFC8-7BDA6AF88D93}
		{952A2F80-4E49-438F-A7FC-16C6796AD834} = {D82F1586-AC12-46DC-BFC8-7BDA6AF88D93}
		{5D201F9D-0B01-49F4-9B8B-DBD92FED21CA} = {8D97D455-EAF5-4ED3-B1F5-E5B33F6CA3DD}
		{66FA0C88-7E9F-4725-B51A-4685BAB9FF26} = {5D201F9D-0B01-49F4-9B8B-DBD92FED21CA}
		{2AC248B6-5484-4FAF-9BC2-30068B3C4540} = {5D201F9D-0B01-49F4-9B8B-DBD92FED21CA}
		{86979E7E-0EDB-4806-A7DD-380DA52BC425} = {8D97D455-EAF5-4ED3-B1F5-E5B33F6CA3DD}
		{FF14BE31-48C9-40D2-94E6-13EFD3F4648F} = {86979E7E-0EDB-4806-A7DD-380DA52BC425}
		{CADBC45C-B1C2-444D-84DF-A7F94D1C37D9} = {86979E7E-0EDB-4806-A7DD-380DA52BC425}
		{F6E4E8D6-BCEB-4C3D-B9CB-C0ACB3CEBA94} = {86979E7E-0EDB-4806-A7DD-380DA52BC425}
		{598F4CD1-CF3E-4571-A1FF-FA94CBB73F9A} = {3C628A8F-4A05-4169-800D-3CABDE334740}
		{A551FCF8-25B7-440A-809A-3B3B282D2012} = {598F4CD1-CF3E-4571-A1FF-FA94CBB73F9A}
		{4B7D3451-380C-4ABF-B55B-345F3F65A2F3} = {598F4CD1-CF3E-4571-A1FF-FA94CBB73F9A}
		{165FD0D2-7B6A-4C3C-BDB1-9289BF0D737C} = {598F4CD1-CF3E-4571-A1FF-FA94CBB73F9A}
		{EFDCE950-AD98-43F9-8996-D72BCE97975A} = {3C628A8F-4A05-4169-800D-3CABDE334740}
		{7D623F09-C599-4935-87DB-BAD9D5FAAC0D} = {EFDCE950-AD98-43F9-8996-D72BCE97975A}
		{EC13AF21-D2E4-4804-8E4C-A801B1455E33} = {EFDCE950-AD98-43F9-8996-D72BCE97975A}
		{D49A7091-66E1-4365-8054-3AB01EB095FA} = {EFDCE950-AD98-43F9-8996-D72BCE97975A}
		{DF6EB1F3-A01C-4576-8205-0448009C524F} = {3C628A8F-4A05-4169-800D-3CABDE334740}
		{1562AFFF-C80A-4246-9246-827142CF9B90} = {DF6EB1F3-A01C-4576-8205-0448009C524F}
		{B37FE0C8-48C2-4B61-B0E1-31DB39ECC583} = {DF6EB1F3-A01C-4576-8205-0448009C524F}
		{04543474-F697-4B28-9C52-50BCF68CC918} = {3C628A8F-4A05-4169-800D-3CABDE334740}
		{0BBFF813-3E85-4E06-BF03-73F0DEECE02D} = {04543474-F697-4B28-9C52-50BCF68CC918}
		{C816C4FD-0D72-491F-87A7-1900A6E1247A} = {3C628A8F-4A05-4169-800D-3CABDE334740}
		{D9ED1413-B5F8-4646-BE5F-A8291816BBF2} = {C816C4FD-0D72-491F-87A7-1900A6E1247A}
		{F30478B9-66E0-4563-A203-33C5E808FCF1} = {C816C4FD-0D72-491F-87A7-1900A6E1247A}
		{EA9B7D1E-7310-4D3D-9082-B0BBC2546D4E} = {C816C4FD-0D72-491F-87A7-1900A6E1247A}
		{E15474A3-C95C-4E5F-9592-00691C25F07A} = {C816C4FD-0D72-491F-87A7-1900A6E1247A}
		{4FE0F3DE-447E-4178-AEDE-3302D995FF74} = {3C628A8F-4A05-4169-800D-3CABDE334740}
		{F8EB8530-32A1-46EC-85A2-549E4F21FFFB} = {4FE0F3DE-447E-4178-AEDE-3302D995FF74}
		{E7C3023C-58A0-4164-A011-D9EB8638A93B} = {3C628A8F-4A05-4169-800D-3CABDE334740}
		{78A45105-20F6-4B4C-918C-9C4DB16EDEF2} = {E7C3023C-58A0-4164-A011-D9EB8638A93B}
		{A5EF6323-DE49-4DED-A69B-2E36F2517227} = {717CC0BB-5878-4CC7-BEBF-B97A51F66C02}
		{717CC0BB-5878-4CC7-BEBF-B97A51F66C02} = {4B1F7A12-5841-4EF8-80FB-BFD167F7AC7E}
		{17DC09DD-2A75-4D10-B364-3AE86FA37426} = {717CC0BB-5878-4CC7-BEBF-B97A51F66C02}
		{87880D47-AFDC-4A9E-8015-13FC18D2A4EA} = {4B1F7A12-5841-4EF8-80FB-BFD167F7AC7E}
		{C9C2E9A7-686A-4482-A721-05313A17D85E} = {87880D47-AFDC-4A9E-8015-13FC18D2A4EA}
		{8B7271CD-2A25-442A-BC2D-8F5B1E645755} = {87880D47-AFDC-4A9E-8015-13FC18D2A4EA}
		{FA741118-EE08-456B-8344-401338C93E4B} = {87880D47-AFDC-4A9E-8015-13FC18D2A4EA}
		{D10428C0-40D4-43CF-8D5F-3D27DE03C3F2} = {87880D47-AFDC-4A9E-8015-13FC18D2A4EA}
		{CD837116-2F73-4BEC-9086-E7F35FE57DC5} = {449E280F-6C26-4253-9D7E-12C2DC5C5DA4}
		{88B4B9A2-BF8C-4C04-A83A-453503A79C18} = {CD837116-2F73-4BEC-9086-E7F35FE57DC5}
		{14651C2E-F90F-4CC2-ACE5-4C00A94EC564} = {CD837116-2F73-4BEC-9086-E7F35FE57DC5}
		{FE1A15F4-D97B-477C-A320-B69894B71166} = {CD837116-2F73-4BEC-9086-E7F35FE57DC5}
		{2F5FE5D0-5FCA-431F-BD0D-9920227E6680} = {CD837116-2F73-4BEC-9086-E7F35FE57DC5}
		{E89C4A05-8E3A-4C56-BE2E-55C475E60EC5} = {449E280F-6C26-4253-9D7E-12C2DC5C5DA4}
	EndGlobalSection
	GlobalSection(ExtensibilityGlobals) = postSolution
		SolutionGuid = {87A1F0C2-AD23-402A-A9F9-B3301391FDFE}
	EndGlobalSection
	GlobalSection(Performance) = preSolution
		HasPerformanceSessions = true
	EndGlobalSection
EndGlobal
